
Microsoft Visual Studio Solution File, Format Version 12.00
# Visual Studio Version 16
VisualStudioVersion = 16.0.31313.79
MinimumVisualStudioVersion = 10.0.40219.1
Project("{FAE04EC0-301F-11D3-BF4B-00C04F79EFBC}") = "Assignment-1DataSecurityPrivacyEncodingDecoding", "Assignment-1DataSecurityPrivacyEncodingDecoding\Assignment-1DataSecurityPrivacyEncodingDecoding.csproj", "{A438C440-F4E0-4633-AB49-8D667A021642}"
EndProject
Global
	GlobalSection(SolutionConfigurationPlatforms) = preSolution
		Debug|Any CPU = Debug|Any CPU
		Release|Any CPU = Release|Any CPU
	EndGlobalSection
	GlobalSection(ProjectConfigurationPlatforms) = postSolution
		{A438C440-F4E0-4633-AB49-8D667A021642}.Debug|Any CPU.ActiveCfg = Debug|Any CPU
		{A438C440-F4E0-4633-AB49-8D667A021642}.Debug|Any CPU.Build.0 = Debug|Any CPU
		{A438C440-F4E0-4633-AB49-8D667A021642}.Release|Any CPU.ActiveCfg = Release|Any CPU
		{A438C440-F4E0-4633-AB49-8D667A021642}.Release|Any CPU.Build.0 = Release|Any CPU
	EndGlobalSection
	GlobalSection(SolutionProperties) = preSolution
		HideSolutionNode = FALSE
	EndGlobalSection
	GlobalSection(ExtensibilityGlobals) = postSolution
		SolutionGuid = {43D5D297-51E2-483B-AE0A-52E5404274BC}
	EndGlobalSection
EndGlobal
